{
  "name": "magbot3",
  "version": "1.0.0",
  "lockfileVersion": 1,
  "requires": true,
  "dependencies": {
    "@magisterjs/authcode": {
      "version": "1.0.0",
      "resolved": "https://registry.npmjs.org/@magisterjs/authcode/-/authcode-1.0.0.tgz",
      "integrity": "sha512-HV3KfRRuja7Lbntub9jZGcBdN/W7SKF61m5DXriOuzvD1MT3pkfv6P7CnVwbaleTahrk9yHQ/82yUQEHdZ0I8A=="
    },
    "agent-base": {
      "version": "4.2.1",
      "resolved": "https://registry.npmjs.org/agent-base/-/agent-base-4.2.1.tgz",
      "integrity": "sha512-JVwXMr9nHYTUXsBFKUqhJwvlcYU/blreOEUkhNR2eXZIvwd+c+o5V4MgDPKWnMS/56awN3TRzIP+KoPn+roQtg==",
      "requires": {
        "es6-promisify": "^5.0.0"
      }
    },
    "async-limiter": {
      "version": "1.0.0",
      "resolved": "https://registry.npmjs.org/async-limiter/-/async-limiter-1.0.0.tgz",
      "integrity": "sha512-jp/uFnooOiO+L211eZOoSyzpOITMXx1rBITauYykG3BRYPu8h0UcxsPNB04RR5vo4Tyz3+ay17tR6JVf9qzYWg=="
    },
    "axios": {
      "version": "0.18.0",
      "resolved": "https://registry.npmjs.org/axios/-/axios-0.18.0.tgz",
      "integrity": "sha1-MtU+SFHv3AoRmTts0AB4nXDAUQI=",
      "requires": {
        "follow-redirects": "^1.3.0",
        "is-buffer": "^1.1.5"
      }
    },
    "buffer-equal-constant-time": {
      "version": "1.0.1",
      "resolved": "https://registry.npmjs.org/buffer-equal-constant-time/-/buffer-equal-constant-time-1.0.1.tgz",
      "integrity": "sha1-+OcRMvf/5uAaXJaXpMbz5I1cyBk="
    },
    "bufferutil": {
      "version": "4.0.1",
      "resolved": "https://registry.npmjs.org/bufferutil/-/bufferutil-4.0.1.tgz",
      "integrity": "sha512-xowrxvpxojqkagPcWRQVXZl0YXhRhAtBEIq3VoER1NH5Mw1n1o0ojdspp+GS2J//2gCVyrzQDApQ4unGF+QOoA==",
      "optional": true,
      "requires": {
        "node-gyp-build": "~3.7.0"
      }
    },
    "debug": {
      "version": "3.1.0",
      "resolved": "https://registry.npmjs.org/debug/-/debug-3.1.0.tgz",
      "integrity": "sha512-OX8XqP7/1a9cqkxYw2yXss15f26NKWBpDXQd0/uK/KPqdQhxbPa994hnzjcE2VqQpDslf55723cKPUOGSmMY3g==",
      "requires": {
        "ms": "2.0.0"
      }
    },
    "decode-uri-component": {
      "version": "0.2.0",
      "resolved": "https://registry.npmjs.org/decode-uri-component/-/decode-uri-component-0.2.0.tgz",
      "integrity": "sha1-6zkTMzRYd1y4TNGh+uBiEGu4dUU="
    },
    "dedent": {
      "version": "0.7.0",
      "resolved": "https://registry.npmjs.org/dedent/-/dedent-0.7.0.tgz",
      "integrity": "sha1-JJXduvbrh0q7Dhvp3yLS5aVEMmw="
    },
    "ecdsa-sig-formatter": {
      "version": "1.0.10",
      "resolved": "https://registry.npmjs.org/ecdsa-sig-formatter/-/ecdsa-sig-formatter-1.0.10.tgz",
      "integrity": "sha1-HFlQAPBKiJffuFAAiSoPTDOvhsM=",
      "requires": {
        "safe-buffer": "^5.0.1"
      }
    },
    "es6-promise": {
      "version": "4.2.5",
      "resolved": "https://registry.npmjs.org/es6-promise/-/es6-promise-4.2.5.tgz",
      "integrity": "sha512-n6wvpdE43VFtJq+lUDYDBFUwV8TZbuGXLV4D6wKafg13ldznKsyEvatubnmUe31zcvelSzOHF+XbaT+Bl9ObDg=="
    },
    "es6-promisify": {
      "version": "5.0.0",
      "resolved": "https://registry.npmjs.org/es6-promisify/-/es6-promisify-5.0.0.tgz",
      "integrity": "sha1-UQnWLz5W6pZ8S2NQWu8IKRyKUgM=",
      "requires": {
        "es6-promise": "^4.0.3"
      }
    },
    "extend": {
      "version": "3.0.2",
      "resolved": "https://registry.npmjs.org/extend/-/extend-3.0.2.tgz",
      "integrity": "sha512-fjquC59cD7CyW6urNXK0FBufkZcoiGG80wTuPujX590cB5Ttln20E2UB4S/WARVqhXffZl2LNgS+gQdPIIim/g=="
    },
    "follow-redirects": {
      "version": "1.6.1",
      "resolved": "https://registry.npmjs.org/follow-redirects/-/follow-redirects-1.6.1.tgz",
      "integrity": "sha512-t2JCjbzxQpWvbhts3l6SH1DKzSrx8a+SsaVf4h6bG4kOXUuPYS/kg2Lr4gQSb7eemaHqJkOThF1BGyjlUkO1GQ==",
      "requires": {
        "debug": "=3.1.0"
      }
    },
    "gaxios": {
      "version": "1.2.2",
      "resolved": "https://registry.npmjs.org/gaxios/-/gaxios-1.2.2.tgz",
      "integrity": "sha512-Jy1B89ITK3M3NLYyDpBm/snBWEArt6+mzuvhSwFw2NCMS8T5PhimZNrAFmmwuCbhbmLjns0WEvwHxH8dI/Cnyg==",
      "requires": {
        "extend": "^3.0.2",
        "https-proxy-agent": "^2.2.1",
        "node-fetch": "^2.2.0"
      }
    },
    "google-p12-pem": {
      "version": "1.0.3",
      "resolved": "https://registry.npmjs.org/google-p12-pem/-/google-p12-pem-1.0.3.tgz",
      "integrity": "sha512-KGnAiMMWaJp4j4tYVvAjfP3wCKZRLv9M1Nir2wRRNWUYO7j1aX8O9Qgz+a8/EQ5rAvuo4SIu79n6SIdkNl7Msg==",
      "requires": {
        "node-forge": "^0.7.5",
        "pify": "^4.0.0"
      }
    },
    "googleapis": {
      "version": "36.0.0",
      "resolved": "https://registry.npmjs.org/googleapis/-/googleapis-36.0.0.tgz",
      "integrity": "sha512-+0lkijBkCByKa0vrAEx1ez0agbdOMUMCwdXkXv0VpW2ImoKwUonWTowrAuF5WD1+nox6VIzmz/Vg86l+PvK+qg==",
      "requires": {
        "google-auth-library": "^2.0.0",
        "googleapis-common": "^0.4.0"
      },
      "dependencies": {
        "gcp-metadata": {
          "version": "0.7.0",
          "resolved": "https://registry.npmjs.org/gcp-metadata/-/gcp-metadata-0.7.0.tgz",
          "integrity": "sha512-ffjC09amcDWjh3VZdkDngIo7WoluyC5Ag9PAYxZbmQLOLNI8lvPtoKTSCyU54j2gwy5roZh6sSMTfkY2ct7K3g==",
          "requires": {
            "axios": "^0.18.0",
            "extend": "^3.0.1",
            "retry-axios": "0.3.2"
          }
        },
        "google-auth-library": {
          "version": "2.0.2",
          "resolved": "https://registry.npmjs.org/google-auth-library/-/google-auth-library-2.0.2.tgz",
          "integrity": "sha512-FURxmo1hBVmcfLauuMRKOPYAPKht3dGuI2wjeJFalDUThO0HoYVjr4yxt5cgYSFm1dgUpmN9G/poa7ceTFAIiA==",
          "requires": {
            "axios": "^0.18.0",
            "gcp-metadata": "^0.7.0",
            "gtoken": "^2.3.0",
            "https-proxy-agent": "^2.2.1",
            "jws": "^3.1.5",
            "lru-cache": "^5.0.0",
            "semver": "^5.5.0"
          }
        }
      }
    },
    "googleapis-common": {
      "version": "0.4.0",
      "resolved": "https://registry.npmjs.org/googleapis-common/-/googleapis-common-0.4.0.tgz",
      "integrity": "sha512-G8U5eUhmCzvZa80BtfcL2ECPiIJxmJYsPPIY3/9iODrIvDkY75wtxnEobG7HDUprtn/3Es6mP6KevqNZ5u6t4g==",
      "requires": {
        "axios": "^0.18.0",
        "google-auth-library": "^2.0.0",
        "pify": "^4.0.0",
        "qs": "^6.5.2",
        "url-template": "^2.0.8",
        "uuid": "^3.2.1"
      },
      "dependencies": {
        "gcp-metadata": {
          "version": "0.7.0",
          "resolved": "https://registry.npmjs.org/gcp-metadata/-/gcp-metadata-0.7.0.tgz",
          "integrity": "sha512-ffjC09amcDWjh3VZdkDngIo7WoluyC5Ag9PAYxZbmQLOLNI8lvPtoKTSCyU54j2gwy5roZh6sSMTfkY2ct7K3g==",
          "requires": {
            "axios": "^0.18.0",
            "extend": "^3.0.1",
            "retry-axios": "0.3.2"
          }
        },
        "google-auth-library": {
          "version": "2.0.2",
          "resolved": "https://registry.npmjs.org/google-auth-library/-/google-auth-library-2.0.2.tgz",
          "integrity": "sha512-FURxmo1hBVmcfLauuMRKOPYAPKht3dGuI2wjeJFalDUThO0HoYVjr4yxt5cgYSFm1dgUpmN9G/poa7ceTFAIiA==",
          "requires": {
            "axios": "^0.18.0",
            "gcp-metadata": "^0.7.0",
            "gtoken": "^2.3.0",
            "https-proxy-agent": "^2.2.1",
            "jws": "^3.1.5",
            "lru-cache": "^5.0.0",
            "semver": "^5.5.0"
          }
        }
      }
    },
    "gtoken": {
      "version": "2.3.2",
      "resolved": "https://registry.npmjs.org/gtoken/-/gtoken-2.3.2.tgz",
      "integrity": "sha512-F8EObUGyC8Qd3WXTloNULZBwfUsOABoHElihB1F6zGhT/cy38iPL09wGLRY712I+hQnOyA+sYlgPFX2cOKz0qg==",
      "requires": {
        "gaxios": "^1.0.4",
        "google-p12-pem": "^1.0.0",
        "jws": "^3.1.5",
        "mime": "^2.2.0",
        "pify": "^4.0.0"
      }
    },
    "https-proxy-agent": {
      "version": "2.2.1",
      "resolved": "https://registry.npmjs.org/https-proxy-agent/-/https-proxy-agent-2.2.1.tgz",
      "integrity": "sha512-HPCTS1LW51bcyMYbxUIOO4HEOlQ1/1qRaFWcyxvwaqUS9TY88aoEuHUY33kuAh1YhVVaDQhLZsnPd+XNARWZlQ==",
      "requires": {
        "agent-base": "^4.1.0",
        "debug": "^3.1.0"
      }
    },
    "is-buffer": {
      "version": "1.1.6",
      "resolved": "https://registry.npmjs.org/is-buffer/-/is-buffer-1.1.6.tgz",
      "integrity": "sha512-NcdALwpXkTm5Zvvbk7owOUSvVvBKDgKP5/ewfXEznmQFfs4ZRmanOeKBTjRVjka3QFoN6XJ+9F3USqfHqTaU5w=="
    },
    "jsonwebtoken": {
      "version": "8.4.0",
      "resolved": "https://registry.npmjs.org/jsonwebtoken/-/jsonwebtoken-8.4.0.tgz",
      "integrity": "sha512-coyXjRTCy0pw5WYBpMvWOMN+Kjaik2MwTUIq9cna/W7NpO9E+iYbumZONAz3hcr+tXFJECoQVrtmIoC3Oz0gvg==",
      "requires": {
        "jws": "^3.1.5",
        "lodash.includes": "^4.3.0",
        "lodash.isboolean": "^3.0.3",
        "lodash.isinteger": "^4.0.4",
        "lodash.isnumber": "^3.0.3",
        "lodash.isplainobject": "^4.0.6",
        "lodash.isstring": "^4.0.1",
        "lodash.once": "^4.0.0",
        "ms": "^2.1.1"
      },
      "dependencies": {
        "ms": {
          "version": "2.1.1",
          "resolved": "https://registry.npmjs.org/ms/-/ms-2.1.1.tgz",
          "integrity": "sha512-tgp+dl5cGk28utYktBsrFqA7HKgrhgPsg6Z/EfhWI4gl1Hwq8B/GmY/0oXZ6nF8hDVesS/FpnYaD/kOWhYQvyg=="
        }
      }
    },
    "jwa": {
      "version": "1.1.6",
      "resolved": "https://registry.npmjs.org/jwa/-/jwa-1.1.6.tgz",
      "integrity": "sha512-tBO/cf++BUsJkYql/kBbJroKOgHWEigTKBAjjBEmrMGYd1QMBC74Hr4Wo2zCZw6ZrVhlJPvoMrkcOnlWR/DJfw==",
      "requires": {
        "buffer-equal-constant-time": "1.0.1",
        "ecdsa-sig-formatter": "1.0.10",
        "safe-buffer": "^5.0.1"
      }
    },
    "jws": {
      "version": "3.1.5",
      "resolved": "https://registry.npmjs.org/jws/-/jws-3.1.5.tgz",
      "integrity": "sha512-GsCSexFADNQUr8T5HPJvayTjvPIfoyJPtLQBwn5a4WZQchcrPMPMAWcC1AzJVRDKyD6ZPROPAxgv6rfHViO4uQ==",
      "requires": {
        "jwa": "^1.1.5",
        "safe-buffer": "^5.0.1"
      }
    },
    "lodash": {
      "version": "4.17.11",
      "resolved": "https://registry.npmjs.org/lodash/-/lodash-4.17.11.tgz",
      "integrity": "sha512-cQKh8igo5QUhZ7lg38DYWAxMvjSAKG0A8wGSVimP07SIUEK2UO+arSRKbRZWtelMtN5V0Hkwh5ryOto/SshYIg=="
    },
    "lodash.includes": {
      "version": "4.3.0",
      "resolved": "https://registry.npmjs.org/lodash.includes/-/lodash.includes-4.3.0.tgz",
      "integrity": "sha1-YLuYqHy5I8aMoeUTJUgzFISfVT8="
    },
    "lodash.isboolean": {
      "version": "3.0.3",
      "resolved": "https://registry.npmjs.org/lodash.isboolean/-/lodash.isboolean-3.0.3.tgz",
      "integrity": "sha1-bC4XHbKiV82WgC/UOwGyDV9YcPY="
    },
    "lodash.isinteger": {
      "version": "4.0.4",
      "resolved": "https://registry.npmjs.org/lodash.isinteger/-/lodash.isinteger-4.0.4.tgz",
      "integrity": "sha1-YZwK89A/iwTDH1iChAt3sRzWg0M="
    },
    "lodash.isnumber": {
      "version": "3.0.3",
      "resolved": "https://registry.npmjs.org/lodash.isnumber/-/lodash.isnumber-3.0.3.tgz",
      "integrity": "sha1-POdoEMWSjQM1IwGsKHMX8RwLH/w="
    },
    "lodash.isplainobject": {
      "version": "4.0.6",
      "resolved": "https://registry.npmjs.org/lodash.isplainobject/-/lodash.isplainobject-4.0.6.tgz",
      "integrity": "sha1-fFJqUtibRcRcxpC4gWO+BJf1UMs="
    },
    "lodash.isstring": {
      "version": "4.0.1",
      "resolved": "https://registry.npmjs.org/lodash.isstring/-/lodash.isstring-4.0.1.tgz",
      "integrity": "sha1-1SfftUVuynzJu5XV2ur4i6VKVFE="
    },
    "lodash.once": {
      "version": "4.1.1",
      "resolved": "https://registry.npmjs.org/lodash.once/-/lodash.once-4.1.1.tgz",
      "integrity": "sha1-DdOXEhPHxW34gJd9UEyI+0cal6w="
    },
    "lru-cache": {
      "version": "5.1.1",
      "resolved": "https://registry.npmjs.org/lru-cache/-/lru-cache-5.1.1.tgz",
      "integrity": "sha512-KpNARQA3Iwv+jTA0utUVVbrh+Jlrr1Fv0e56GGzAFOXN7dk/FviaDW8LHmK52DlcH4WP2n6gI8vN1aesBFgo9w==",
      "requires": {
        "yallist": "^3.0.2"
      }
    },
    "magister.js": {
      "version": "2.0.0-alpha.7",
      "resolved": "https://registry.npmjs.org/magister.js/-/magister.js-2.0.0-alpha.7.tgz",
      "integrity": "sha512-8zcbrwmeNYXJ71F7S/i25yqvaLprZn8IeOZRlg/ZlTJhwJlQSXccYrPTIBnOQzJSOZ/7jB010JXYz8WTP92tXw==",
      "requires": {
        "@magisterjs/authcode": "*",
        "dedent": "^0.7.0",
        "lodash": "^4.17.11",
        "moment": "^2.23.0",
        "node-fetch": "^2.3.0"
      }
    },
    "mime": {
      "version": "2.4.0",
      "resolved": "https://registry.npmjs.org/mime/-/mime-2.4.0.tgz",
      "integrity": "sha512-ikBcWwyqXQSHKtciCcctu9YfPbFYZ4+gbHEmE0Q8jzcTYQg5dHCr3g2wwAZjPoJfQVXZq6KXAjpXOTf5/cjT7w=="
    },
    "moment": {
      "version": "2.23.0",
      "resolved": "https://registry.npmjs.org/moment/-/moment-2.23.0.tgz",
      "integrity": "sha512-3IE39bHVqFbWWaPOMHZF98Q9c3LDKGTmypMiTM2QygGXXElkFWIH7GxfmlwmY2vwa+wmNsoYZmG2iusf1ZjJoA=="
    },
    "moment-business-days": {
      "version": "1.1.3",
      "resolved": "https://registry.npmjs.org/moment-business-days/-/moment-business-days-1.1.3.tgz",
      "integrity": "sha512-VfpcLQxVWJ9ymq4ljaqPdzoco01kOJblX9sbfOCYguBvqCvVPYDJQTdez49a2gtSoSK8AjL8JfvLvmoQlrBMiQ=="
    },
    "ms": {
      "version": "2.0.0",
      "resolved": "https://registry.npmjs.org/ms/-/ms-2.0.0.tgz",
      "integrity": "sha1-VgiurfwAvmwpAd9fmGF4jeDVl8g="
    },
    "node-fetch": {
      "version": "2.3.0",
      "resolved": "https://registry.npmjs.org/node-fetch/-/node-fetch-2.3.0.tgz",
      "integrity": "sha512-MOd8pV3fxENbryESLgVIeaGKrdl+uaYhCSSVkjeOb/31/njTpcis5aWfdqgNlHIrKOLRbMnfPINPOML2CIFeXA=="
    },
    "node-forge": {
      "version": "0.7.6",
      "resolved": "https://registry.npmjs.org/node-forge/-/node-forge-0.7.6.tgz",
      "integrity": "sha512-sol30LUpz1jQFBjOKwbjxijiE3b6pjd74YwfD0fJOKPjF+fONKb2Yg8rYgS6+bK6VDl+/wfr4IYpC7jDzLUIfw=="
    },
    "node-gyp-build": {
      "version": "3.7.0",
      "resolved": "https://registry.npmjs.org/node-gyp-build/-/node-gyp-build-3.7.0.tgz",
      "integrity": "sha512-L/Eg02Epx6Si2NXmedx+Okg+4UHqmaf3TNcxd50SF9NQGcJaON3AtU++kax69XV7YWz4tUspqZSAsVofhFKG2w==",
      "optional": true
    },
    "pify": {
      "version": "4.0.1",
      "resolved": "https://registry.npmjs.org/pify/-/pify-4.0.1.tgz",
      "integrity": "sha512-uB80kBFb/tfd68bVleG9T5GGsGPjJrLAUpR5PZIrhBnIaRTQRjqdJSsIKkOP6OAIFbj7GOrcudc5pNjZ+geV2g=="
    },
    "qs": {
      "version": "6.6.0",
      "resolved": "https://registry.npmjs.org/qs/-/qs-6.6.0.tgz",
      "integrity": "sha512-KIJqT9jQJDQx5h5uAVPimw6yVg2SekOKu959OCtktD3FjzbpvaPr8i4zzg07DOMz+igA4W/aNM7OV8H37pFYfA=="
    },
    "query-string": {
      "version": "6.2.0",
      "resolved": "https://registry.npmjs.org/query-string/-/query-string-6.2.0.tgz",
      "integrity": "sha512-5wupExkIt8RYL4h/FE+WTg3JHk62e6fFPWtAZA9J5IWK1PfTfKkMS93HBUHcFpeYi9KsY5pFbh+ldvEyaz5MyA==",
      "requires": {
        "decode-uri-component": "^0.2.0",
        "strict-uri-encode": "^2.0.0"
      }
    },
    "restnio": {
      "version": "2.1.0",
      "resolved": "https://registry.npmjs.org/restnio/-/restnio-2.1.0.tgz",
      "integrity": "sha512-IYW8RTEOflBfMM/0twS2QnDd+otQznE995Paatfay29bDkddudnRLGZQFpgywcD3VTUlqqmbD0UE+MN2Moh5rg==",
      "requires": {
        "bufferutil": "^4.0.0",
        "jsonwebtoken": "^8.4.0",
        "lodash": "^4.17.11",
        "qs": "^6.6.0",
        "query-string": "^6.2.0",
        "utf-8-validate": "^5.0.1",
        "ws": "^6.1.0"
      }
    },
    "retry-axios": {
      "version": "0.3.2",
      "resolved": "https://registry.npmjs.org/retry-axios/-/retry-axios-0.3.2.tgz",
      "integrity": "sha512-jp4YlI0qyDFfXiXGhkCOliBN1G7fRH03Nqy8YdShzGqbY5/9S2x/IR6C88ls2DFkbWuL3ASkP7QD3pVrNpPgwQ=="
    },
    "safe-buffer": {
      "version": "5.1.2",
      "resolved": "https://registry.npmjs.org/safe-buffer/-/safe-buffer-5.1.2.tgz",
      "integrity": "sha512-Gd2UZBJDkXlY7GbJxfsE8/nvKkUEU1G38c1siN6QP6a9PT9MmHB8GnpscSmMJSoF8LOIrt8ud/wPtojys4G6+g=="
    },
    "semver": {
      "version": "5.6.0",
      "resolved": "https://registry.npmjs.org/semver/-/semver-5.6.0.tgz",
      "integrity": "sha512-RS9R6R35NYgQn++fkDWaOmqGoj4Ek9gGs+DPxNUZKuwE183xjJroKvyo1IzVFeXvUrvmALy6FWD5xrdJT25gMg=="
    },
    "strict-uri-encode": {
      "version": "2.0.0",
      "resolved": "https://registry.npmjs.org/strict-uri-encode/-/strict-uri-encode-2.0.0.tgz",
      "integrity": "sha1-ucczDHBChi9rFC3CdLvMWGbONUY="
    },
    "url-template": {
      "version": "2.0.8",
      "resolved": "https://registry.npmjs.org/url-template/-/url-template-2.0.8.tgz",
      "integrity": "sha1-/FZaPMy/93MMd19WQflVV5FDnyE="
    },
    "utf-8-validate": {
      "version": "5.0.2",
      "resolved": "https://registry.npmjs.org/utf-8-validate/-/utf-8-validate-5.0.2.tgz",
      "integrity": "sha512-SwV++i2gTD5qh2XqaPzBnNX88N6HdyhQrNNRykvcS0QKvItV9u3vPEJr+X5Hhfb1JC0r0e1alL0iB09rY8+nmw==",
      "optional": true,
      "requires": {
        "node-gyp-build": "~3.7.0"
      }
    },
    "uuid": {
      "version": "3.3.2",
      "resolved": "https://registry.npmjs.org/uuid/-/uuid-3.3.2.tgz",
      "integrity": "sha512-yXJmeNaw3DnnKAOKJE51sL/ZaYfWJRl1pK9dr19YFCu0ObS231AB1/LbqTKRAQ5kw8A90rA6fr4riOUpTZvQZA=="
    },
    "ws": {
      "version": "6.1.2",
      "resolved": "https://registry.npmjs.org/ws/-/ws-6.1.2.tgz",
      "integrity": "sha512-rfUqzvz0WxmSXtJpPMX2EeASXabOrSMk1ruMOV3JBTBjo4ac2lDjGGsbQSyxj8Odhw5fBib8ZKEjDNvgouNKYw==",
      "requires": {
        "async-limiter": "~1.0.0"
      }
    },
    "yallist": {
      "version": "3.0.3",
      "resolved": "https://registry.npmjs.org/yallist/-/yallist-3.0.3.tgz",
      "integrity": "sha512-S+Zk8DEWE6oKpV+vI3qWkaK+jSbIK86pCwe2IF/xwIpQ8jEuxpw9NyaGjmp9+BoJv5FV2piqCDcoCtStppiq2A=="
    }
  }
}
